
Microsoft Visual Studio Solution File, Format Version 12.00
# Visual Studio Version 16
VisualStudioVersion = 16.0.30523.141
MinimumVisualStudioVersion = 10.0.40219.1
Project("{FAE04EC0-301F-11D3-BF4B-00C04F79EFBC}") = "webapi", "webapi\webapi.csproj", "{210EC541-1309-42D3-B2AD-80881F009955}"
EndProject
Project("{FAE04EC0-301F-11D3-BF4B-00C04F79EFBC}") = "tests", "tests\tests.csproj", "{2ABA15A8-C051-4D41-8A35-8FFC7F784751}"
EndProject
Global
	GlobalSection(SolutionConfigurationPlatforms) = preSolution
		Debug|Any CPU = Debug|Any CPU
		Release|Any CPU = Release|Any CPU
	EndGlobalSection
	GlobalSection(ProjectConfigurationPlatforms) = postSolution
		{210EC541-1309-42D3-B2AD-80881F009955}.Debug|Any CPU.ActiveCfg = Debug|Any CPU
		{210EC541-1309-42D3-B2AD-80881F009955}.Debug|Any CPU.Build.0 = Debug|Any CPU
		{210EC541-1309-42D3-B2AD-80881F009955}.Release|Any CPU.ActiveCfg = Release|Any CPU
		{210EC541-1309-42D3-B2AD-80881F009955}.Release|Any CPU.Build.0 = Release|Any CPU
		{2ABA15A8-C051-4D41-8A35-8FFC7F784751}.Debug|Any CPU.ActiveCfg = Debug|Any CPU
		{2ABA15A8-C051-4D41-8A35-8FFC7F784751}.Debug|Any CPU.Build.0 = Debug|Any CPU
		{2ABA15A8-C051-4D41-8A35-8FFC7F784751}.Release|Any CPU.ActiveCfg = Release|Any CPU
		{2ABA15A8-C051-4D41-8A35-8FFC7F784751}.Release|Any CPU.Build.0 = Release|Any CPU
	EndGlobalSection
	GlobalSection(SolutionProperties) = preSolution
		HideSolutionNode = FALSE
	EndGlobalSection
	GlobalSection(ExtensibilityGlobals) = postSolution
		SolutionGuid = {85E5397E-3D8B-4537-BE88-E51DEE7CD66A}
	EndGlobalSection
EndGlobal
